
Microsoft Visual Studio Solution File, Format Version 12.00
# Visual Studio Version 17
VisualStudioVersion = 17.9.34728.123
MinimumVisualStudioVersion = 10.0.40219.1
Project("{FAE04EC0-301F-11D3-BF4B-00C04F79EFBC}") = "Server", "Server.csproj", "{FDCA4823-099B-4A6B-B05F-4F5BD9DFE660}"
EndProject
Global
	GlobalSection(SolutionConfigurationPlatforms) = preSolution
		Debug|Any CPU = Debug|Any CPU
		Release|Any CPU = Release|Any CPU
	EndGlobalSection
	GlobalSection(ProjectConfigurationPlatforms) = postSolution
		{FDCA4823-099B-4A6B-B05F-4F5BD9DFE660}.Debug|Any CPU.ActiveCfg = Debug|Any CPU
		{FDCA4823-099B-4A6B-B05F-4F5BD9DFE660}.Debug|Any CPU.Build.0 = Debug|Any CPU
		{FDCA4823-099B-4A6B-B05F-4F5BD9DFE660}.Release|Any CPU.ActiveCfg = Release|Any CPU
		{FDCA4823-099B-4A6B-B05F-4F5BD9DFE660}.Release|Any CPU.Build.0 = Release|Any CPU
	EndGlobalSection
	GlobalSection(SolutionProperties) = preSolution
		HideSolutionNode = FALSE
	EndGlobalSection
	GlobalSection(ExtensibilityGlobals) = postSolution
		SolutionGuid = {F6B64A47-9D5B-44A4-9219-8BB008090D2B}
	EndGlobalSection
EndGlobal
